
Microsoft Visual Studio Solution File, Format Version 12.00
# Visual Studio Version 17
VisualStudioVersion = 17.5.33414.496
MinimumVisualStudioVersion = 10.0.40219.1
Project("{9A19103F-16F7-4668-BE54-9A1E7A4F7556}") = "G3Archive-MassUnpack", "src\G3Archive-MassUnpack.csproj", "{CF628249-EF8A-4636-BF23-63157801498F}"
EndProject
Project("{9A19103F-16F7-4668-BE54-9A1E7A4F7556}") = "G3Archive", "G3Archive\src\G3Archive.csproj", "{D6BCE4F3-F106-4A5F-B2E0-E1E0E1E81BFC}"
EndProject
Global
	GlobalSection(SolutionConfigurationPlatforms) = preSolution
		Debug|Any CPU = Debug|Any CPU
		Release|Any CPU = Release|Any CPU
	EndGlobalSection
	GlobalSection(ProjectConfigurationPlatforms) = postSolution
		{CF628249-EF8A-4636-BF23-63157801498F}.Debug|Any CPU.ActiveCfg = Debug|Any CPU
		{CF628249-EF8A-4636-BF23-63157801498F}.Debug|Any CPU.Build.0 = Debug|Any CPU
		{CF628249-EF8A-4636-BF23-63157801498F}.Release|Any CPU.ActiveCfg = Release|Any CPU
		{CF628249-EF8A-4636-BF23-63157801498F}.Release|Any CPU.Build.0 = Release|Any CPU
		{D6BCE4F3-F106-4A5F-B2E0-E1E0E1E81BFC}.Debug|Any CPU.ActiveCfg = Debug|Any CPU
		{D6BCE4F3-F106-4A5F-B2E0-E1E0E1E81BFC}.Debug|Any CPU.Build.0 = Debug|Any CPU
		{D6BCE4F3-F106-4A5F-B2E0-E1E0E1E81BFC}.Release|Any CPU.ActiveCfg = Release|Any CPU
		{D6BCE4F3-F106-4A5F-B2E0-E1E0E1E81BFC}.Release|Any CPU.Build.0 = Release|Any CPU
	EndGlobalSection
	GlobalSection(SolutionProperties) = preSolution
		HideSolutionNode = FALSE
	EndGlobalSection
	GlobalSection(ExtensibilityGlobals) = postSolution
		SolutionGuid = {624D9963-F34E-430B-8B76-C3EE35E9CC13}
	EndGlobalSection
EndGlobal
